
Microsoft Visual Studio Solution File, Format Version 12.00
# Visual Studio Version 17
VisualStudioVersion = 17.14.36414.22
MinimumVisualStudioVersion = 10.0.40219.1
Project("{FAE04EC0-301F-11D3-BF4B-00C04F79EFBC}") = "Tyuiu.LevakovaAA.Sprint6.Task0.V20.Lib", "Tyuiu.LevakovaAA.Sprint6.Task0.V20.Lib\Tyuiu.LevakovaAA.Sprint6.Task0.V20.Lib.csproj", "{5E93CC56-EBA3-45D9-A3DB-587001672A13}"
EndProject
Project("{FAE04EC0-301F-11D3-BF4B-00C04F79EFBC}") = "Tyuiu.LevakovaAA.Sprint6.Task0.V20.Test", "Tyuiu.LevakovaAA.Sprint6.Task0.V20.Test\Tyuiu.LevakovaAA.Sprint6.Task0.V20.Test.csproj", "{DEEB6CD1-A6F3-4885-A6EA-958766E3A1B9}"
EndProject
Project("{2150E333-8FDC-42A3-9474-1A3956D46DE8}") = "Task0", "Task0", "{02EA681E-C7D8-13C7-8484-4AC65E1B71E8}"
EndProject
Project("{FAE04EC0-301F-11D3-BF4B-00C04F79EFBC}") = "Tyuiu.LevakovaAA.Sprint6.Task0.V20", "Tyuiu.LevakovaAA.Sprint6.Task0.V20\Tyuiu.LevakovaAA.Sprint6.Task0.V20.csproj", "{190210FB-F261-4EC1-B9B5-6B6F3EF55196}"
EndProject
Project("{2150E333-8FDC-42A3-9474-1A3956D46DE8}") = "Task1", "Task1", "{20584FBB-B644-40E8-8CCA-3A6E236C2B66}"
EndProject
Project("{FAE04EC0-301F-11D3-BF4B-00C04F79EFBC}") = "Tyuiu.LevakovaAA.Sprint6.Task1.V26.Test", "Tyuiu.LevakovaAA.Sprint6.Task1.V26.Test\Tyuiu.LevakovaAA.Sprint6.Task1.V26.Test.csproj", "{0F07D209-0D45-439C-980F-C77CAF1D6F14}"
EndProject
Project("{FAE04EC0-301F-11D3-BF4B-00C04F79EFBC}") = "Tyuiu.LevakovaAA.Sprint6.Task1.V26.Lib", "Tyuiu.LevakovaAA.Sprint6.Task1.V26.Lib\Tyuiu.LevakovaAA.Sprint6.Task1.V26.Lib.csproj", "{2DA0101D-911F-4344-8C0E-3D4A545DDE45}"
EndProject
Project("{FAE04EC0-301F-11D3-BF4B-00C04F79EFBC}") = "Tyuiu.LevakovaAA.Sprint6.Task1.V26", "Tyuiu.LevakovaAA.Sprint6.Task1.V26\Tyuiu.LevakovaAA.Sprint6.Task1.V26.csproj", "{DBC32010-8992-43B9-8EDE-975A1820D80F}"
EndProject
Project("{2150E333-8FDC-42A3-9474-1A3956D46DE8}") = "Task2", "Task2", "{D4540166-C06A-4237-A45B-D15F6745EDD0}"
EndProject
Project("{FAE04EC0-301F-11D3-BF4B-00C04F79EFBC}") = "Tyuiu.LevakovaAA.Sprint6.Task2.V24.Test", "Tyuiu.LevakovaAA.Sprint6.Task2.V24.Test\Tyuiu.LevakovaAA.Sprint6.Task2.V24.Test.csproj", "{5CB288A4-808E-40C5-BCE8-16CDCBD56B7D}"
EndProject
Project("{FAE04EC0-301F-11D3-BF4B-00C04F79EFBC}") = "Tyuiu.LevakovaAA.Sprint6.Task2.V24.Lib", "Tyuiu.LevakovaAA.Sprint6.Task2.V24.Lib\Tyuiu.LevakovaAA.Sprint6.Task2.V24.Lib.csproj", "{816EEA1B-37CF-4E72-BCBD-D6D8DC6EEE7C}"
EndProject
Project("{FAE04EC0-301F-11D3-BF4B-00C04F79EFBC}") = "Tyuiu.LevakovaAA.Sprint6.Task2.V24", "Tyuiu.LevakovaAA.Sprint6.Task2.V24\Tyuiu.LevakovaAA.Sprint6.Task2.V24.csproj", "{2B65F6E1-4A73-4432-A76C-AF179C4FAC5D}"
EndProject
Project("{2150E333-8FDC-42A3-9474-1A3956D46DE8}") = "Task3", "Task3", "{32C812A6-F762-429B-9722-186AE7F2F7BF}"
EndProject
Project("{FAE04EC0-301F-11D3-BF4B-00C04F79EFBC}") = "Tyuiu.LevakovaAA.Sprint6.Task3.V13", "Tyuiu.LevakovaAA.Sprint6.Task3.V13\Tyuiu.LevakovaAA.Sprint6.Task3.V13.csproj", "{2D22F7B3-F883-4DCE-BF39-7106D0538E69}"
EndProject
Project("{FAE04EC0-301F-11D3-BF4B-00C04F79EFBC}") = "Tyuiu.LevakovaAA.Sprint6.Task3.V13.Lib", "Tyuiu.LevakovaAA.Sprint6.Task3.V13.Lib\Tyuiu.LevakovaAA.Sprint6.Task3.V13.Lib.csproj", "{48A088F9-7082-449A-BDF8-D5AC615270A5}"
EndProject
Project("{FAE04EC0-301F-11D3-BF4B-00C04F79EFBC}") = "Tyuiu.LevakovaAA.Sprint6.Task3.V13.Test", "Tyuiu.LevakovaAA.Sprint6.Task3.V13.Test\Tyuiu.LevakovaAA.Sprint6.Task3.V13.Test.csproj", "{7B1E56F4-BF8F-4ED8-B01A-0D3261D13126}"
EndProject
Project("{2150E333-8FDC-42A3-9474-1A3956D46DE8}") = "Task4", "Task4", "{688CAC6E-6AAD-4691-AF5C-8E6FD14D43BC}"
EndProject
Project("{FAE04EC0-301F-11D3-BF4B-00C04F79EFBC}") = "Tyuiu.LevakovaAA.Sprint6.Task4.V19", "Tyuiu.LevakovaAA.Sprint6.Task4.V19\Tyuiu.LevakovaAA.Sprint6.Task4.V19.csproj", "{DAAF175A-B468-4C3B-9CB7-3ED98CDAE693}"
EndProject
Project("{FAE04EC0-301F-11D3-BF4B-00C04F79EFBC}") = "Tyuiu.LevakovaAA.Sprint6.Task4.V19.Test", "Tyuiu.LevakovaAA.Sprint6.Task4.V19.Test\Tyuiu.LevakovaAA.Sprint6.Task4.V19.Test.csproj", "{40ECFB63-4031-42AA-A162-97D31F166B76}"
EndProject
Project("{FAE04EC0-301F-11D3-BF4B-00C04F79EFBC}") = "Tyuiu.LevakovaAA.Sprint6.Task4.V19.Lib", "Tyuiu.LevakovaAA.Sprint6.Task4.V19.Lib\Tyuiu.LevakovaAA.Sprint6.Task4.V19.Lib.csproj", "{F9C92EE7-0B5A-4654-BF65-44E9509316EC}"
EndProject
Project("{2150E333-8FDC-42A3-9474-1A3956D46DE8}") = "Task5", "Task5", "{7D917274-B6D9-4D98-8AAB-3ABAE3CB32D3}"
EndProject
Project("{FAE04EC0-301F-11D3-BF4B-00C04F79EFBC}") = "Tyuiu.LevakovaAA.Sprint6.Task5.V29", "Tyuiu.LevakovaAA.Sprint6.Task5.V29\Tyuiu.LevakovaAA.Sprint6.Task5.V29.csproj", "{3A8F0203-8517-44E9-B5B1-6D00BAF7EDD8}"
EndProject
Project("{FAE04EC0-301F-11D3-BF4B-00C04F79EFBC}") = "Tyuiu.LevakovaAA.Sprint6.Task5.V29.Lib", "Tyuiu.LevakovaAA.Sprint6.Task5.V29.Lib\Tyuiu.LevakovaAA.Sprint6.Task5.V29.Lib.csproj", "{A889F4F9-968F-426A-9CD0-4129858D8D45}"
EndProject
Project("{FAE04EC0-301F-11D3-BF4B-00C04F79EFBC}") = "Tyuiu.LevakovaAA.Sprint6.Task5.V29.Test", "Tyuiu.LevakovaAA.Sprint6.Task5.V29.Test\Tyuiu.LevakovaAA.Sprint6.Task5.V29.Test.csproj", "{BABB3883-3EFD-49DC-86CA-D690DC23C5AD}"
EndProject
Project("{2150E333-8FDC-42A3-9474-1A3956D46DE8}") = "Task6", "Task6", "{EBCEA38E-E82C-4BF2-8EC4-91EB2DAA4B7B}"
EndProject
Project("{FAE04EC0-301F-11D3-BF4B-00C04F79EFBC}") = "Tyuiu.LevakovaAA.Sprint6.Task6.V10", "Tyuiu.LevakovaAA.Sprint6.Task6.V10\Tyuiu.LevakovaAA.Sprint6.Task6.V10.csproj", "{9E3BD26E-13BF-4A76-9646-C1C2C485A75F}"
EndProject
Project("{FAE04EC0-301F-11D3-BF4B-00C04F79EFBC}") = "Tyuiu.LevakovaAA.Sprint6.Task6.V10.Test", "Tyuiu.LevakovaAA.Sprint6.Task6.V10.Test\Tyuiu.LevakovaAA.Sprint6.Task6.V10.Test.csproj", "{9A875736-17FA-485F-803A-00DB63B93276}"
EndProject
Project("{FAE04EC0-301F-11D3-BF4B-00C04F79EFBC}") = "Tyuiu.LevakovaAA.Sprint6.Task6.V10.Lib", "Tyuiu.LevakovaAA.Sprint6.Task6.V10.Lib\Tyuiu.LevakovaAA.Sprint6.Task6.V10.Lib.csproj", "{5867321B-F3DE-4769-B960-8F37C15B2EE7}"
EndProject
Project("{2150E333-8FDC-42A3-9474-1A3956D46DE8}") = "Task7", "Task7", "{C6942E84-8156-4D18-8896-4569CA857207}"
EndProject
Project("{FAE04EC0-301F-11D3-BF4B-00C04F79EFBC}") = "Tyuiu.LevakovaAA.Sprint6.Task7.V19", "Tyuiu.LevakovaAA.Sprint6.Task7.V19\Tyuiu.LevakovaAA.Sprint6.Task7.V19.csproj", "{02E35BBC-6DA1-44C0-A21B-4C050F358A50}"
EndProject
Global
	GlobalSection(SolutionConfigurationPlatforms) = preSolution
		Debug|Any CPU = Debug|Any CPU
		Release|Any CPU = Release|Any CPU
	EndGlobalSection
	GlobalSection(ProjectConfigurationPlatforms) = postSolution
		{5E93CC56-EBA3-45D9-A3DB-587001672A13}.Debug|Any CPU.ActiveCfg = Debug|Any CPU
		{5E93CC56-EBA3-45D9-A3DB-587001672A13}.Debug|Any CPU.Build.0 = Debug|Any CPU
		{5E93CC56-EBA3-45D9-A3DB-587001672A13}.Release|Any CPU.ActiveCfg = Release|Any CPU
		{5E93CC56-EBA3-45D9-A3DB-587001672A13}.Release|Any CPU.Build.0 = Release|Any CPU
		{DEEB6CD1-A6F3-4885-A6EA-958766E3A1B9}.Debug|Any CPU.ActiveCfg = Debug|Any CPU
		{DEEB6CD1-A6F3-4885-A6EA-958766E3A1B9}.Debug|Any CPU.Build.0 = Debug|Any CPU
		{DEEB6CD1-A6F3-4885-A6EA-958766E3A1B9}.Release|Any CPU.ActiveCfg = Release|Any CPU
		{DEEB6CD1-A6F3-4885-A6EA-958766E3A1B9}.Release|Any CPU.Build.0 = Release|Any CPU
		{190210FB-F261-4EC1-B9B5-6B6F3EF55196}.Debug|Any CPU.ActiveCfg = Debug|Any CPU
		{190210FB-F261-4EC1-B9B5-6B6F3EF55196}.Debug|Any CPU.Build.0 = Debug|Any CPU
		{190210FB-F261-4EC1-B9B5-6B6F3EF55196}.Release|Any CPU.ActiveCfg = Release|Any CPU
		{190210FB-F261-4EC1-B9B5-6B6F3EF55196}.Release|Any CPU.Build.0 = Release|Any CPU
		{0F07D209-0D45-439C-980F-C77CAF1D6F14}.Debug|Any CPU.ActiveCfg = Debug|Any CPU
		{0F07D209-0D45-439C-980F-C77CAF1D6F14}.Debug|Any CPU.Build.0 = Debug|Any CPU
		{0F07D209-0D45-439C-980F-C77CAF1D6F14}.Release|Any CPU.ActiveCfg = Release|Any CPU
		{0F07D209-0D45-439C-980F-C77CAF1D6F14}.Release|Any CPU.Build.0 = Release|Any CPU
		{2DA0101D-911F-4344-8C0E-3D4A545DDE45}.Debug|Any CPU.ActiveCfg = Debug|Any CPU
		{2DA0101D-911F-4344-8C0E-3D4A545DDE45}.Debug|Any CPU.Build.0 = Debug|Any CPU
		{2DA0101D-911F-4344-8C0E-3D4A545DDE45}.Release|Any CPU.ActiveCfg = Release|Any CPU
		{2DA0101D-911F-4344-8C0E-3D4A545DDE45}.Release|Any CPU.Build.0 = Release|Any CPU
		{DBC32010-8992-43B9-8EDE-975A1820D80F}.Debug|Any CPU.ActiveCfg = Debug|Any CPU
		{DBC32010-8992-43B9-8EDE-975A1820D80F}.Debug|Any CPU.Build.0 = Debug|Any CPU
		{DBC32010-8992-43B9-8EDE-975A1820D80F}.Release|Any CPU.ActiveCfg = Release|Any CPU
		{DBC32010-8992-43B9-8EDE-975A1820D80F}.Release|Any CPU.Build.0 = Release|Any CPU
		{5CB288A4-808E-40C5-BCE8-16CDCBD56B7D}.Debug|Any CPU.ActiveCfg = Debug|Any CPU
		{5CB288A4-808E-40C5-BCE8-16CDCBD56B7D}.Debug|Any CPU.Build.0 = Debug|Any CPU
		{5CB288A4-808E-40C5-BCE8-16CDCBD56B7D}.Release|Any CPU.ActiveCfg = Release|Any CPU
		{5CB288A4-808E-40C5-BCE8-16CDCBD56B7D}.Release|Any CPU.Build.0 = Release|Any CPU
		{816EEA1B-37CF-4E72-BCBD-D6D8DC6EEE7C}.Debug|Any CPU.ActiveCfg = Debug|Any CPU
		{816EEA1B-37CF-4E72-BCBD-D6D8DC6EEE7C}.Debug|Any CPU.Build.0 = Debug|Any CPU
		{816EEA1B-37CF-4E72-BCBD-D6D8DC6EEE7C}.Release|Any CPU.ActiveCfg = Release|Any CPU
		{816EEA1B-37CF-4E72-BCBD-D6D8DC6EEE7C}.Release|Any CPU.Build.0 = Release|Any CPU
		{2B65F6E1-4A73-4432-A76C-AF179C4FAC5D}.Debug|Any CPU.ActiveCfg = Debug|Any CPU
		{2B65F6E1-4A73-4432-A76C-AF179C4FAC5D}.Debug|Any CPU.Build.0 = Debug|Any CPU
		{2B65F6E1-4A73-4432-A76C-AF179C4FAC5D}.Release|Any CPU.ActiveCfg = Release|Any CPU
		{2B65F6E1-4A73-4432-A76C-AF179C4FAC5D}.Release|Any CPU.Build.0 = Release|Any CPU
		{2D22F7B3-F883-4DCE-BF39-7106D0538E69}.Debug|Any CPU.ActiveCfg = Debug|Any CPU
		{2D22F7B3-F883-4DCE-BF39-7106D0538E69}.Debug|Any CPU.Build.0 = Debug|Any CPU
		{2D22F7B3-F883-4DCE-BF39-7106D0538E69}.Release|Any CPU.ActiveCfg = Release|Any CPU
		{2D22F7B3-F883-4DCE-BF39-7106D0538E69}.Release|Any CPU.Build.0 = Release|Any CPU
		{48A088F9-7082-449A-BDF8-D5AC615270A5}.Debug|Any CPU.ActiveCfg = Debug|Any CPU
		{48A088F9-7082-449A-BDF8-D5AC615270A5}.Debug|Any CPU.Build.0 = Debug|Any CPU
		{48A088F9-7082-449A-BDF8-D5AC615270A5}.Release|Any CPU.ActiveCfg = Release|Any CPU
		{48A088F9-7082-449A-BDF8-D5AC615270A5}.Release|Any CPU.Build.0 = Release|Any CPU
		{7B1E56F4-BF8F-4ED8-B01A-0D3261D13126}.Debug|Any CPU.ActiveCfg = Debug|Any CPU
		{7B1E56F4-BF8F-4ED8-B01A-0D3261D13126}.Debug|Any CPU.Build.0 = Debug|Any CPU
		{7B1E56F4-BF8F-4ED8-B01A-0D3261D13126}.Release|Any CPU.ActiveCfg = Release|Any CPU
		{7B1E56F4-BF8F-4ED8-B01A-0D3261D13126}.Release|Any CPU.Build.0 = Release|Any CPU
		{DAAF175A-B468-4C3B-9CB7-3ED98CDAE693}.Debug|Any CPU.ActiveCfg = Debug|Any CPU
		{DAAF175A-B468-4C3B-9CB7-3ED98CDAE693}.Debug|Any CPU.Build.0 = Debug|Any CPU
		{DAAF175A-B468-4C3B-9CB7-3ED98CDAE693}.Release|Any CPU.ActiveCfg = Release|Any CPU
		{DAAF175A-B468-4C3B-9CB7-3ED98CDAE693}.Release|Any CPU.Build.0 = Release|Any CPU
		{40ECFB63-4031-42AA-A162-97D31F166B76}.Debug|Any CPU.ActiveCfg = Debug|Any CPU
		{40ECFB63-4031-42AA-A162-97D31F166B76}.Debug|Any CPU.Build.0 = Debug|Any CPU
		{40ECFB63-4031-42AA-A162-97D31F166B76}.Release|Any CPU.ActiveCfg = Release|Any CPU
		{40ECFB63-4031-42AA-A162-97D31F166B76}.Release|Any CPU.Build.0 = Release|Any CPU
		{F9C92EE7-0B5A-4654-BF65-44E9509316EC}.Debug|Any CPU.ActiveCfg = Debug|Any CPU
		{F9C92EE7-0B5A-4654-BF65-44E9509316EC}.Debug|Any CPU.Build.0 = Debug|Any CPU
		{F9C92EE7-0B5A-4654-BF65-44E9509316EC}.Release|Any CPU.ActiveCfg = Release|Any CPU
		{F9C92EE7-0B5A-4654-BF65-44E9509316EC}.Release|Any CPU.Build.0 = Release|Any CPU
		{3A8F0203-8517-44E9-B5B1-6D00BAF7EDD8}.Debug|Any CPU.ActiveCfg = Debug|Any CPU
		{3A8F0203-8517-44E9-B5B1-6D00BAF7EDD8}.Debug|Any CPU.Build.0 = Debug|Any CPU
		{3A8F0203-8517-44E9-B5B1-6D00BAF7EDD8}.Release|Any CPU.ActiveCfg = Release|Any CPU
		{3A8F0203-8517-44E9-B5B1-6D00BAF7EDD8}.Release|Any CPU.Build.0 = Release|Any CPU
		{A889F4F9-968F-426A-9CD0-4129858D8D45}.Debug|Any CPU.ActiveCfg = Debug|Any CPU
		{A889F4F9-968F-426A-9CD0-4129858D8D45}.Debug|Any CPU.Build.0 = Debug|Any CPU
		{A889F4F9-968F-426A-9CD0-4129858D8D45}.Release|Any CPU.ActiveCfg = Release|Any CPU
		{A889F4F9-968F-426A-9CD0-4129858D8D45}.Release|Any CPU.Build.0 = Release|Any CPU
		{BABB3883-3EFD-49DC-86CA-D690DC23C5AD}.Debug|Any CPU.ActiveCfg = Debug|Any CPU
		{BABB3883-3EFD-49DC-86CA-D690DC23C5AD}.Debug|Any CPU.Build.0 = Debug|Any CPU
		{BABB3883-3EFD-49DC-86CA-D690DC23C5AD}.Release|Any CPU.ActiveCfg = Release|Any CPU
		{BABB3883-3EFD-49DC-86CA-D690DC23C5AD}.Release|Any CPU.Build.0 = Release|Any CPU
		{9E3BD26E-13BF-4A76-9646-C1C2C485A75F}.Debug|Any CPU.ActiveCfg = Debug|Any CPU
		{9E3BD26E-13BF-4A76-9646-C1C2C485A75F}.Debug|Any CPU.Build.0 = Debug|Any CPU
		{9E3BD26E-13BF-4A76-9646-C1C2C485A75F}.Release|Any CPU.ActiveCfg = Release|Any CPU
		{9E3BD26E-13BF-4A76-9646-C1C2C485A75F}.Release|Any CPU.Build.0 = Release|Any CPU
		{9A875736-17FA-485F-803A-00DB63B93276}.Debug|Any CPU.ActiveCfg = Debug|Any CPU
		{9A875736-17FA-485F-803A-00DB63B93276}.Debug|Any CPU.Build.0 = Debug|Any CPU
		{9A875736-17FA-485F-803A-00DB63B93276}.Release|Any CPU.ActiveCfg = Release|Any CPU
		{9A875736-17FA-485F-803A-00DB63B93276}.Release|Any CPU.Build.0 = Release|Any CPU
		{5867321B-F3DE-4769-B960-8F37C15B2EE7}.Debug|Any CPU.ActiveCfg = Debug|Any CPU
		{5867321B-F3DE-4769-B960-8F37C15B2EE7}.Debug|Any CPU.Build.0 = Debug|Any CPU
		{5867321B-F3DE-4769-B960-8F37C15B2EE7}.Release|Any CPU.ActiveCfg = Release|Any CPU
		{5867321B-F3DE-4769-B960-8F37C15B2EE7}.Release|Any CPU.Build.0 = Release|Any CPU
		{02E35BBC-6DA1-44C0-A21B-4C050F358A50}.Debug|Any CPU.ActiveCfg = Debug|Any CPU
		{02E35BBC-6DA1-44C0-A21B-4C050F358A50}.Debug|Any CPU.Build.0 = Debug|Any CPU
		{02E35BBC-6DA1-44C0-A21B-4C050F358A50}.Release|Any CPU.ActiveCfg = Release|Any CPU
		{02E35BBC-6DA1-44C0-A21B-4C050F358A50}.Release|Any CPU.Build.0 = Release|Any CPU
	EndGlobalSection
	GlobalSection(SolutionProperties) = preSolution
		HideSolutionNode = FALSE
	EndGlobalSection
	GlobalSection(NestedProjects) = preSolution
		{5E93CC56-EBA3-45D9-A3DB-587001672A13} = {02EA681E-C7D8-13C7-8484-4AC65E1B71E8}
		{DEEB6CD1-A6F3-4885-A6EA-958766E3A1B9} = {02EA681E-C7D8-13C7-8484-4AC65E1B71E8}
		{190210FB-F261-4EC1-B9B5-6B6F3EF55196} = {02EA681E-C7D8-13C7-8484-4AC65E1B71E8}
		{0F07D209-0D45-439C-980F-C77CAF1D6F14} = {20584FBB-B644-40E8-8CCA-3A6E236C2B66}
		{2DA0101D-911F-4344-8C0E-3D4A545DDE45} = {20584FBB-B644-40E8-8CCA-3A6E236C2B66}
		{DBC32010-8992-43B9-8EDE-975A1820D80F} = {20584FBB-B644-40E8-8CCA-3A6E236C2B66}
		{5CB288A4-808E-40C5-BCE8-16CDCBD56B7D} = {D4540166-C06A-4237-A45B-D15F6745EDD0}
		{816EEA1B-37CF-4E72-BCBD-D6D8DC6EEE7C} = {D4540166-C06A-4237-A45B-D15F6745EDD0}
		{2B65F6E1-4A73-4432-A76C-AF179C4FAC5D} = {D4540166-C06A-4237-A45B-D15F6745EDD0}
		{2D22F7B3-F883-4DCE-BF39-7106D0538E69} = {32C812A6-F762-429B-9722-186AE7F2F7BF}
		{48A088F9-7082-449A-BDF8-D5AC615270A5} = {32C812A6-F762-429B-9722-186AE7F2F7BF}
		{7B1E56F4-BF8F-4ED8-B01A-0D3261D13126} = {32C812A6-F762-429B-9722-186AE7F2F7BF}
		{DAAF175A-B468-4C3B-9CB7-3ED98CDAE693} = {688CAC6E-6AAD-4691-AF5C-8E6FD14D43BC}
		{40ECFB63-4031-42AA-A162-97D31F166B76} = {688CAC6E-6AAD-4691-AF5C-8E6FD14D43BC}
		{F9C92EE7-0B5A-4654-BF65-44E9509316EC} = {688CAC6E-6AAD-4691-AF5C-8E6FD14D43BC}
		{3A8F0203-8517-44E9-B5B1-6D00BAF7EDD8} = {7D917274-B6D9-4D98-8AAB-3ABAE3CB32D3}
		{A889F4F9-968F-426A-9CD0-4129858D8D45} = {7D917274-B6D9-4D98-8AAB-3ABAE3CB32D3}
		{BABB3883-3EFD-49DC-86CA-D690DC23C5AD} = {7D917274-B6D9-4D98-8AAB-3ABAE3CB32D3}
		{9E3BD26E-13BF-4A76-9646-C1C2C485A75F} = {EBCEA38E-E82C-4BF2-8EC4-91EB2DAA4B7B}
		{9A875736-17FA-485F-803A-00DB63B93276} = {EBCEA38E-E82C-4BF2-8EC4-91EB2DAA4B7B}
		{5867321B-F3DE-4769-B960-8F37C15B2EE7} = {EBCEA38E-E82C-4BF2-8EC4-91EB2DAA4B7B}
		{02E35BBC-6DA1-44C0-A21B-4C050F358A50} = {C6942E84-8156-4D18-8896-4569CA857207}
	EndGlobalSection
	GlobalSection(ExtensibilityGlobals) = postSolution
		SolutionGuid = {30DC8AEF-9A0B-4541-8A0F-7B8552507883}
	EndGlobalSection
EndGlobal
