
Microsoft Visual Studio Solution File, Format Version 12.00
# Visual Studio Version 17
VisualStudioVersion = 17.14.36414.22
MinimumVisualStudioVersion = 10.0.40219.1
Project("{FAE04EC0-301F-11D3-BF4B-00C04F79EFBC}") = "Tyuiu.LevakovaAA.Sprint6.Task0.V20.Lib", "Tyuiu.LevakovaAA.Sprint6.Task0.V20.Lib\Tyuiu.LevakovaAA.Sprint6.Task0.V20.Lib.csproj", "{5E93CC56-EBA3-45D9-A3DB-587001672A13}"
EndProject
Project("{FAE04EC0-301F-11D3-BF4B-00C04F79EFBC}") = "Tyuiu.LevakovaAA.Sprint6.Task0.V20.Test", "Tyuiu.LevakovaAA.Sprint6.Task0.V20.Test\Tyuiu.LevakovaAA.Sprint6.Task0.V20.Test.csproj", "{DEEB6CD1-A6F3-4885-A6EA-958766E3A1B9}"
EndProject
Project("{2150E333-8FDC-42A3-9474-1A3956D46DE8}") = "Task0", "Task0", "{02EA681E-C7D8-13C7-8484-4AC65E1B71E8}"
EndProject
Project("{FAE04EC0-301F-11D3-BF4B-00C04F79EFBC}") = "Tyuiu.LevakovaAA.Sprint6.Task0.V20", "Tyuiu.LevakovaAA.Sprint6.Task0.V20\Tyuiu.LevakovaAA.Sprint6.Task0.V20.csproj", "{190210FB-F261-4EC1-B9B5-6B6F3EF55196}"
EndProject
Project("{2150E333-8FDC-42A3-9474-1A3956D46DE8}") = "Task1", "Task1", "{20584FBB-B644-40E8-8CCA-3A6E236C2B66}"
EndProject
Project("{FAE04EC0-301F-11D3-BF4B-00C04F79EFBC}") = "Tyuiu.LevakovaAA.Sprint6.Task1.V26.Test", "Tyuiu.LevakovaAA.Sprint6.Task1.V26.Test\Tyuiu.LevakovaAA.Sprint6.Task1.V26.Test.csproj", "{0F07D209-0D45-439C-980F-C77CAF1D6F14}"
EndProject
Project("{FAE04EC0-301F-11D3-BF4B-00C04F79EFBC}") = "Tyuiu.LevakovaAA.Sprint6.Task1.V26.Lib", "Tyuiu.LevakovaAA.Sprint6.Task1.V26.Lib\Tyuiu.LevakovaAA.Sprint6.Task1.V26.Lib.csproj", "{2DA0101D-911F-4344-8C0E-3D4A545DDE45}"
EndProject
Project("{FAE04EC0-301F-11D3-BF4B-00C04F79EFBC}") = "Tyuiu.LevakovaAA.Sprint6.Task1.V26", "Tyuiu.LevakovaAA.Sprint6.Task1.V26\Tyuiu.LevakovaAA.Sprint6.Task1.V26.csproj", "{DBC32010-8992-43B9-8EDE-975A1820D80F}"
EndProject
Project("{2150E333-8FDC-42A3-9474-1A3956D46DE8}") = "Task2", "Task2", "{D4540166-C06A-4237-A45B-D15F6745EDD0}"
EndProject
Project("{FAE04EC0-301F-11D3-BF4B-00C04F79EFBC}") = "Tyuiu.LevakovaAA.Sprint6.Task2.V24.Test", "Tyuiu.LevakovaAA.Sprint6.Task2.V24.Test\Tyuiu.LevakovaAA.Sprint6.Task2.V24.Test.csproj", "{5CB288A4-808E-40C5-BCE8-16CDCBD56B7D}"
EndProject
Project("{FAE04EC0-301F-11D3-BF4B-00C04F79EFBC}") = "Tyuiu.LevakovaAA.Sprint6.Task2.V24.Lib", "Tyuiu.LevakovaAA.Sprint6.Task2.V24.Lib\Tyuiu.LevakovaAA.Sprint6.Task2.V24.Lib.csproj", "{816EEA1B-37CF-4E72-BCBD-D6D8DC6EEE7C}"
EndProject
Project("{FAE04EC0-301F-11D3-BF4B-00C04F79EFBC}") = "Tyuiu.LevakovaAA.Sprint6.Task2.V24", "Tyuiu.LevakovaAA.Sprint6.Task2.V24\Tyuiu.LevakovaAA.Sprint6.Task2.V24.csproj", "{2B65F6E1-4A73-4432-A76C-AF179C4FAC5D}"
EndProject
Project("{2150E333-8FDC-42A3-9474-1A3956D46DE8}") = "Task3", "Task3", "{32C812A6-F762-429B-9722-186AE7F2F7BF}"
EndProject
Project("{FAE04EC0-301F-11D3-BF4B-00C04F79EFBC}") = "Tyuiu.LevakovaAA.Sprint6.Task3.V13", "Tyuiu.LevakovaAA.Sprint6.Task3.V13\Tyuiu.LevakovaAA.Sprint6.Task3.V13.csproj", "{2D22F7B3-F883-4DCE-BF39-7106D0538E69}"
EndProject
Project("{FAE04EC0-301F-11D3-BF4B-00C04F79EFBC}") = "Tyuiu.LevakovaAA.Sprint6.Task3.V13.Lib", "Tyuiu.LevakovaAA.Sprint6.Task3.V13.Lib\Tyuiu.LevakovaAA.Sprint6.Task3.V13.Lib.csproj", "{48A088F9-7082-449A-BDF8-D5AC615270A5}"
EndProject
Project("{FAE04EC0-301F-11D3-BF4B-00C04F79EFBC}") = "Tyuiu.LevakovaAA.Sprint6.Task3.V13.Test", "Tyuiu.LevakovaAA.Sprint6.Task3.V13.Test\Tyuiu.LevakovaAA.Sprint6.Task3.V13.Test.csproj", "{7B1E56F4-BF8F-4ED8-B01A-0D3261D13126}"
EndProject
Global
	GlobalSection(SolutionConfigurationPlatforms) = preSolution
		Debug|Any CPU = Debug|Any CPU
		Release|Any CPU = Release|Any CPU
	EndGlobalSection
	GlobalSection(ProjectConfigurationPlatforms) = postSolution
		{5E93CC56-EBA3-45D9-A3DB-587001672A13}.Debug|Any CPU.ActiveCfg = Debug|Any CPU
		{5E93CC56-EBA3-45D9-A3DB-587001672A13}.Debug|Any CPU.Build.0 = Debug|Any CPU
		{5E93CC56-EBA3-45D9-A3DB-587001672A13}.Release|Any CPU.ActiveCfg = Release|Any CPU
		{5E93CC56-EBA3-45D9-A3DB-587001672A13}.Release|Any CPU.Build.0 = Release|Any CPU
		{DEEB6CD1-A6F3-4885-A6EA-958766E3A1B9}.Debug|Any CPU.ActiveCfg = Debug|Any CPU
		{DEEB6CD1-A6F3-4885-A6EA-958766E3A1B9}.Debug|Any CPU.Build.0 = Debug|Any CPU
		{DEEB6CD1-A6F3-4885-A6EA-958766E3A1B9}.Release|Any CPU.ActiveCfg = Release|Any CPU
		{DEEB6CD1-A6F3-4885-A6EA-958766E3A1B9}.Release|Any CPU.Build.0 = Release|Any CPU
		{190210FB-F261-4EC1-B9B5-6B6F3EF55196}.Debug|Any CPU.ActiveCfg = Debug|Any CPU
		{190210FB-F261-4EC1-B9B5-6B6F3EF55196}.Debug|Any CPU.Build.0 = Debug|Any CPU
		{190210FB-F261-4EC1-B9B5-6B6F3EF55196}.Release|Any CPU.ActiveCfg = Release|Any CPU
		{190210FB-F261-4EC1-B9B5-6B6F3EF55196}.Release|Any CPU.Build.0 = Release|Any CPU
		{0F07D209-0D45-439C-980F-C77CAF1D6F14}.Debug|Any CPU.ActiveCfg = Debug|Any CPU
		{0F07D209-0D45-439C-980F-C77CAF1D6F14}.Debug|Any CPU.Build.0 = Debug|Any CPU
		{0F07D209-0D45-439C-980F-C77CAF1D6F14}.Release|Any CPU.ActiveCfg = Release|Any CPU
		{0F07D209-0D45-439C-980F-C77CAF1D6F14}.Release|Any CPU.Build.0 = Release|Any CPU
		{2DA0101D-911F-4344-8C0E-3D4A545DDE45}.Debug|Any CPU.ActiveCfg = Debug|Any CPU
		{2DA0101D-911F-4344-8C0E-3D4A545DDE45}.Debug|Any CPU.Build.0 = Debug|Any CPU
		{2DA0101D-911F-4344-8C0E-3D4A545DDE45}.Release|Any CPU.ActiveCfg = Release|Any CPU
		{2DA0101D-911F-4344-8C0E-3D4A545DDE45}.Release|Any CPU.Build.0 = Release|Any CPU
		{DBC32010-8992-43B9-8EDE-975A1820D80F}.Debug|Any CPU.ActiveCfg = Debug|Any CPU
		{DBC32010-8992-43B9-8EDE-975A1820D80F}.Debug|Any CPU.Build.0 = Debug|Any CPU
		{DBC32010-8992-43B9-8EDE-975A1820D80F}.Release|Any CPU.ActiveCfg = Release|Any CPU
		{DBC32010-8992-43B9-8EDE-975A1820D80F}.Release|Any CPU.Build.0 = Release|Any CPU
		{5CB288A4-808E-40C5-BCE8-16CDCBD56B7D}.Debug|Any CPU.ActiveCfg = Debug|Any CPU
		{5CB288A4-808E-40C5-BCE8-16CDCBD56B7D}.Debug|Any CPU.Build.0 = Debug|Any CPU
		{5CB288A4-808E-40C5-BCE8-16CDCBD56B7D}.Release|Any CPU.ActiveCfg = Release|Any CPU
		{5CB288A4-808E-40C5-BCE8-16CDCBD56B7D}.Release|Any CPU.Build.0 = Release|Any CPU
		{816EEA1B-37CF-4E72-BCBD-D6D8DC6EEE7C}.Debug|Any CPU.ActiveCfg = Debug|Any CPU
		{816EEA1B-37CF-4E72-BCBD-D6D8DC6EEE7C}.Debug|Any CPU.Build.0 = Debug|Any CPU
		{816EEA1B-37CF-4E72-BCBD-D6D8DC6EEE7C}.Release|Any CPU.ActiveCfg = Release|Any CPU
		{816EEA1B-37CF-4E72-BCBD-D6D8DC6EEE7C}.Release|Any CPU.Build.0 = Release|Any CPU
		{2B65F6E1-4A73-4432-A76C-AF179C4FAC5D}.Debug|Any CPU.ActiveCfg = Debug|Any CPU
		{2B65F6E1-4A73-4432-A76C-AF179C4FAC5D}.Debug|Any CPU.Build.0 = Debug|Any CPU
		{2B65F6E1-4A73-4432-A76C-AF179C4FAC5D}.Release|Any CPU.ActiveCfg = Release|Any CPU
		{2B65F6E1-4A73-4432-A76C-AF179C4FAC5D}.Release|Any CPU.Build.0 = Release|Any CPU
		{2D22F7B3-F883-4DCE-BF39-7106D0538E69}.Debug|Any CPU.ActiveCfg = Debug|Any CPU
		{2D22F7B3-F883-4DCE-BF39-7106D0538E69}.Debug|Any CPU.Build.0 = Debug|Any CPU
		{2D22F7B3-F883-4DCE-BF39-7106D0538E69}.Release|Any CPU.ActiveCfg = Release|Any CPU
		{2D22F7B3-F883-4DCE-BF39-7106D0538E69}.Release|Any CPU.Build.0 = Release|Any CPU
		{48A088F9-7082-449A-BDF8-D5AC615270A5}.Debug|Any CPU.ActiveCfg = Debug|Any CPU
		{48A088F9-7082-449A-BDF8-D5AC615270A5}.Debug|Any CPU.Build.0 = Debug|Any CPU
		{48A088F9-7082-449A-BDF8-D5AC615270A5}.Release|Any CPU.ActiveCfg = Release|Any CPU
		{48A088F9-7082-449A-BDF8-D5AC615270A5}.Release|Any CPU.Build.0 = Release|Any CPU
		{7B1E56F4-BF8F-4ED8-B01A-0D3261D13126}.Debug|Any CPU.ActiveCfg = Debug|Any CPU
		{7B1E56F4-BF8F-4ED8-B01A-0D3261D13126}.Debug|Any CPU.Build.0 = Debug|Any CPU
		{7B1E56F4-BF8F-4ED8-B01A-0D3261D13126}.Release|Any CPU.ActiveCfg = Release|Any CPU
		{7B1E56F4-BF8F-4ED8-B01A-0D3261D13126}.Release|Any CPU.Build.0 = Release|Any CPU
	EndGlobalSection
	GlobalSection(SolutionProperties) = preSolution
		HideSolutionNode = FALSE
	EndGlobalSection
	GlobalSection(NestedProjects) = preSolution
		{5E93CC56-EBA3-45D9-A3DB-587001672A13} = {02EA681E-C7D8-13C7-8484-4AC65E1B71E8}
		{DEEB6CD1-A6F3-4885-A6EA-958766E3A1B9} = {02EA681E-C7D8-13C7-8484-4AC65E1B71E8}
		{190210FB-F261-4EC1-B9B5-6B6F3EF55196} = {02EA681E-C7D8-13C7-8484-4AC65E1B71E8}
		{0F07D209-0D45-439C-980F-C77CAF1D6F14} = {20584FBB-B644-40E8-8CCA-3A6E236C2B66}
		{2DA0101D-911F-4344-8C0E-3D4A545DDE45} = {20584FBB-B644-40E8-8CCA-3A6E236C2B66}
		{DBC32010-8992-43B9-8EDE-975A1820D80F} = {20584FBB-B644-40E8-8CCA-3A6E236C2B66}
		{5CB288A4-808E-40C5-BCE8-16CDCBD56B7D} = {D4540166-C06A-4237-A45B-D15F6745EDD0}
		{816EEA1B-37CF-4E72-BCBD-D6D8DC6EEE7C} = {D4540166-C06A-4237-A45B-D15F6745EDD0}
		{2B65F6E1-4A73-4432-A76C-AF179C4FAC5D} = {D4540166-C06A-4237-A45B-D15F6745EDD0}
		{2D22F7B3-F883-4DCE-BF39-7106D0538E69} = {32C812A6-F762-429B-9722-186AE7F2F7BF}
		{48A088F9-7082-449A-BDF8-D5AC615270A5} = {32C812A6-F762-429B-9722-186AE7F2F7BF}
		{7B1E56F4-BF8F-4ED8-B01A-0D3261D13126} = {32C812A6-F762-429B-9722-186AE7F2F7BF}
	EndGlobalSection
	GlobalSection(ExtensibilityGlobals) = postSolution
		SolutionGuid = {30DC8AEF-9A0B-4541-8A0F-7B8552507883}
	EndGlobalSection
EndGlobal
